
Microsoft Visual Studio Solution File, Format Version 12.00
# Visual Studio 2012
VisualStudioVersion = 14.0.23107.0
MinimumVisualStudioVersion = 10.0.40219.1
Project("{FAE04EC0-301F-11D3-BF4B-00C04F79EFBC}") = "Lisa.Excelsis.Mobile.Droid", "Lisa.Excelsis.Mobile\Lisa.Excelsis.Mobile.Droid\Lisa.Excelsis.Mobile.Droid.csproj", "{E68F7C0E-AA82-435C-A8EA-0E30E3E26AF9}"
EndProject
Project("{FAE04EC0-301F-11D3-BF4B-00C04F79EFBC}") = "Lisa.Excelsis.Mobile.iOS", "Lisa.Excelsis.Mobile\Lisa.Excelsis.Mobile.iOS\Lisa.Excelsis.Mobile.iOS.csproj", "{7A6FAA5A-94C5-4D58-935F-BFEB72C682F9}"
EndProject
Project("{FAE04EC0-301F-11D3-BF4B-00C04F79EFBC}") = "Lisa.Excelsis.Mobile", "Lisa.Excelsis.Mobile\Lisa.Excelsis.Mobile\Lisa.Excelsis.Mobile.csproj", "{0B083B4D-65A5-4FF9-891F-616ECC6D850F}"
EndProject
Global
	GlobalSection(SolutionConfigurationPlatforms) = preSolution
		Ad-Hoc|Any CPU = Ad-Hoc|Any CPU
		Ad-Hoc|ARM = Ad-Hoc|ARM
		Ad-Hoc|iPhone = Ad-Hoc|iPhone
		Ad-Hoc|iPhoneSimulator = Ad-Hoc|iPhoneSimulator
		Ad-Hoc|x86 = Ad-Hoc|x86
		AppStore|Any CPU = AppStore|Any CPU
		AppStore|ARM = AppStore|ARM
		AppStore|iPhone = AppStore|iPhone
		AppStore|iPhoneSimulator = AppStore|iPhoneSimulator
		AppStore|x86 = AppStore|x86
		Debug|Any CPU = Debug|Any CPU
		Debug|ARM = Debug|ARM
		Debug|iPhone = Debug|iPhone
		Debug|iPhoneSimulator = Debug|iPhoneSimulator
		Debug|x86 = Debug|x86
		Release|Any CPU = Release|Any CPU
		Release|ARM = Release|ARM
		Release|iPhone = Release|iPhone
		Release|iPhoneSimulator = Release|iPhoneSimulator
		Release|x86 = Release|x86
	EndGlobalSection
	GlobalSection(ProjectConfigurationPlatforms) = postSolution
		{0B083B4D-65A5-4FF9-891F-616ECC6D850F}.Ad-Hoc|Any CPU.ActiveCfg = Release|Any CPU
		{0B083B4D-65A5-4FF9-891F-616ECC6D850F}.Ad-Hoc|Any CPU.Build.0 = Release|Any CPU
		{0B083B4D-65A5-4FF9-891F-616ECC6D850F}.Ad-Hoc|ARM.ActiveCfg = Release|Any CPU
		{0B083B4D-65A5-4FF9-891F-616ECC6D850F}.Ad-Hoc|ARM.Build.0 = Release|Any CPU
		{0B083B4D-65A5-4FF9-891F-616ECC6D850F}.Ad-Hoc|iPhone.ActiveCfg = Release|Any CPU
		{0B083B4D-65A5-4FF9-891F-616ECC6D850F}.Ad-Hoc|iPhone.Build.0 = Release|Any CPU
		{0B083B4D-65A5-4FF9-891F-616ECC6D850F}.Ad-Hoc|iPhoneSimulator.ActiveCfg = Release|Any CPU
		{0B083B4D-65A5-4FF9-891F-616ECC6D850F}.Ad-Hoc|iPhoneSimulator.Build.0 = Release|Any CPU
		{0B083B4D-65A5-4FF9-891F-616ECC6D850F}.Ad-Hoc|x86.ActiveCfg = Release|Any CPU
		{0B083B4D-65A5-4FF9-891F-616ECC6D850F}.Ad-Hoc|x86.Build.0 = Release|Any CPU
		{0B083B4D-65A5-4FF9-891F-616ECC6D850F}.AppStore|Any CPU.ActiveCfg = Release|Any CPU
		{0B083B4D-65A5-4FF9-891F-616ECC6D850F}.AppStore|Any CPU.Build.0 = Release|Any CPU
		{0B083B4D-65A5-4FF9-891F-616ECC6D850F}.AppStore|ARM.ActiveCfg = Release|Any CPU
		{0B083B4D-65A5-4FF9-891F-616ECC6D850F}.AppStore|ARM.Build.0 = Release|Any CPU
		{0B083B4D-65A5-4FF9-891F-616ECC6D850F}.AppStore|iPhone.ActiveCfg = Release|Any CPU
		{0B083B4D-65A5-4FF9-891F-616ECC6D850F}.AppStore|iPhone.Build.0 = Release|Any CPU
		{0B083B4D-65A5-4FF9-891F-616ECC6D850F}.AppStore|iPhoneSimulator.ActiveCfg = Release|Any CPU
		{0B083B4D-65A5-4FF9-891F-616ECC6D850F}.AppStore|iPhoneSimulator.Build.0 = Release|Any CPU
		{0B083B4D-65A5-4FF9-891F-616ECC6D850F}.AppStore|x86.ActiveCfg = Release|Any CPU
		{0B083B4D-65A5-4FF9-891F-616ECC6D850F}.AppStore|x86.Build.0 = Release|Any CPU
		{0B083B4D-65A5-4FF9-891F-616ECC6D850F}.Debug|Any CPU.ActiveCfg = Debug|Any CPU
		{0B083B4D-65A5-4FF9-891F-616ECC6D850F}.Debug|Any CPU.Build.0 = Debug|Any CPU
		{0B083B4D-65A5-4FF9-891F-616ECC6D850F}.Debug|ARM.ActiveCfg = Debug|Any CPU
		{0B083B4D-65A5-4FF9-891F-616ECC6D850F}.Debug|ARM.Build.0 = Debug|Any CPU
		{0B083B4D-65A5-4FF9-891F-616ECC6D850F}.Debug|iPhone.ActiveCfg = Debug|Any CPU
		{0B083B4D-65A5-4FF9-891F-616ECC6D850F}.Debug|iPhone.Build.0 = Debug|Any CPU
		{0B083B4D-65A5-4FF9-891F-616ECC6D850F}.Debug|iPhoneSimulator.ActiveCfg = Debug|Any CPU
		{0B083B4D-65A5-4FF9-891F-616ECC6D850F}.Debug|iPhoneSimulator.Build.0 = Debug|Any CPU
		{0B083B4D-65A5-4FF9-891F-616ECC6D850F}.Debug|x86.ActiveCfg = Debug|Any CPU
		{0B083B4D-65A5-4FF9-891F-616ECC6D850F}.Debug|x86.Build.0 = Debug|Any CPU
		{0B083B4D-65A5-4FF9-891F-616ECC6D850F}.Release|Any CPU.ActiveCfg = Release|Any CPU
		{0B083B4D-65A5-4FF9-891F-616ECC6D850F}.Release|Any CPU.Build.0 = Release|Any CPU
		{0B083B4D-65A5-4FF9-891F-616ECC6D850F}.Release|ARM.ActiveCfg = Release|Any CPU
		{0B083B4D-65A5-4FF9-891F-616ECC6D850F}.Release|ARM.Build.0 = Release|Any CPU
		{0B083B4D-65A5-4FF9-891F-616ECC6D850F}.Release|iPhone.ActiveCfg = Release|Any CPU
		{0B083B4D-65A5-4FF9-891F-616ECC6D850F}.Release|iPhone.Build.0 = Release|Any CPU
		{0B083B4D-65A5-4FF9-891F-616ECC6D850F}.Release|iPhoneSimulator.ActiveCfg = Release|Any CPU
		{0B083B4D-65A5-4FF9-891F-616ECC6D850F}.Release|iPhoneSimulator.Build.0 = Release|Any CPU
		{0B083B4D-65A5-4FF9-891F-616ECC6D850F}.Release|x86.ActiveCfg = Release|Any CPU
		{0B083B4D-65A5-4FF9-891F-616ECC6D850F}.Release|x86.Build.0 = Release|Any CPU
		{7A6FAA5A-94C5-4D58-935F-BFEB72C682F9}.Ad-Hoc|Any CPU.ActiveCfg = Ad-Hoc|iPhone
		{7A6FAA5A-94C5-4D58-935F-BFEB72C682F9}.Ad-Hoc|ARM.ActiveCfg = Ad-Hoc|iPhone
		{7A6FAA5A-94C5-4D58-935F-BFEB72C682F9}.Ad-Hoc|iPhone.ActiveCfg = Ad-Hoc|iPhone
		{7A6FAA5A-94C5-4D58-935F-BFEB72C682F9}.Ad-Hoc|iPhone.Build.0 = Ad-Hoc|iPhone
		{7A6FAA5A-94C5-4D58-935F-BFEB72C682F9}.Ad-Hoc|iPhoneSimulator.ActiveCfg = Ad-Hoc|iPhoneSimulator
		{7A6FAA5A-94C5-4D58-935F-BFEB72C682F9}.Ad-Hoc|iPhoneSimulator.Build.0 = Ad-Hoc|iPhoneSimulator
		{7A6FAA5A-94C5-4D58-935F-BFEB72C682F9}.Ad-Hoc|x86.ActiveCfg = Ad-Hoc|iPhone
		{7A6FAA5A-94C5-4D58-935F-BFEB72C682F9}.AppStore|Any CPU.ActiveCfg = AppStore|iPhone
		{7A6FAA5A-94C5-4D58-935F-BFEB72C682F9}.AppStore|ARM.ActiveCfg = AppStore|iPhone
		{7A6FAA5A-94C5-4D58-935F-BFEB72C682F9}.AppStore|iPhone.ActiveCfg = AppStore|iPhone
		{7A6FAA5A-94C5-4D58-935F-BFEB72C682F9}.AppStore|iPhone.Build.0 = AppStore|iPhone
		{7A6FAA5A-94C5-4D58-935F-BFEB72C682F9}.AppStore|iPhoneSimulator.ActiveCfg = AppStore|iPhoneSimulator
		{7A6FAA5A-94C5-4D58-935F-BFEB72C682F9}.AppStore|iPhoneSimulator.Build.0 = AppStore|iPhoneSimulator
		{7A6FAA5A-94C5-4D58-935F-BFEB72C682F9}.AppStore|x86.ActiveCfg = AppStore|iPhone
		{7A6FAA5A-94C5-4D58-935F-BFEB72C682F9}.Debug|Any CPU.ActiveCfg = Debug|iPhone
		{7A6FAA5A-94C5-4D58-935F-BFEB72C682F9}.Debug|ARM.ActiveCfg = Debug|iPhone
		{7A6FAA5A-94C5-4D58-935F-BFEB72C682F9}.Debug|iPhone.ActiveCfg = Debug|iPhone
		{7A6FAA5A-94C5-4D58-935F-BFEB72C682F9}.Debug|iPhone.Build.0 = Debug|iPhone
		{7A6FAA5A-94C5-4D58-935F-BFEB72C682F9}.Debug|iPhoneSimulator.ActiveCfg = Debug|iPhoneSimulator
		{7A6FAA5A-94C5-4D58-935F-BFEB72C682F9}.Debug|iPhoneSimulator.Build.0 = Debug|iPhoneSimulator
		{7A6FAA5A-94C5-4D58-935F-BFEB72C682F9}.Debug|x86.ActiveCfg = Debug|iPhone
		{7A6FAA5A-94C5-4D58-935F-BFEB72C682F9}.Release|Any CPU.ActiveCfg = Release|iPhone
		{7A6FAA5A-94C5-4D58-935F-BFEB72C682F9}.Release|ARM.ActiveCfg = Release|iPhone
		{7A6FAA5A-94C5-4D58-935F-BFEB72C682F9}.Release|iPhone.ActiveCfg = Release|iPhone
		{7A6FAA5A-94C5-4D58-935F-BFEB72C682F9}.Release|iPhone.Build.0 = Release|iPhone
		{7A6FAA5A-94C5-4D58-935F-BFEB72C682F9}.Release|iPhoneSimulator.ActiveCfg = Release|iPhoneSimulator
		{7A6FAA5A-94C5-4D58-935F-BFEB72C682F9}.Release|iPhoneSimulator.Build.0 = Release|iPhoneSimulator
		{7A6FAA5A-94C5-4D58-935F-BFEB72C682F9}.Release|x86.ActiveCfg = Release|iPhone
		{E68F7C0E-AA82-435C-A8EA-0E30E3E26AF9}.Ad-Hoc|Any CPU.ActiveCfg = Release|Any CPU
		{E68F7C0E-AA82-435C-A8EA-0E30E3E26AF9}.Ad-Hoc|Any CPU.Build.0 = Release|Any CPU
		{E68F7C0E-AA82-435C-A8EA-0E30E3E26AF9}.Ad-Hoc|Any CPU.Deploy.0 = Release|Any CPU
		{E68F7C0E-AA82-435C-A8EA-0E30E3E26AF9}.Ad-Hoc|ARM.ActiveCfg = Release|Any CPU
		{E68F7C0E-AA82-435C-A8EA-0E30E3E26AF9}.Ad-Hoc|ARM.Build.0 = Release|Any CPU
		{E68F7C0E-AA82-435C-A8EA-0E30E3E26AF9}.Ad-Hoc|ARM.Deploy.0 = Release|Any CPU
		{E68F7C0E-AA82-435C-A8EA-0E30E3E26AF9}.Ad-Hoc|iPhone.ActiveCfg = Release|Any CPU
		{E68F7C0E-AA82-435C-A8EA-0E30E3E26AF9}.Ad-Hoc|iPhone.Build.0 = Release|Any CPU
		{E68F7C0E-AA82-435C-A8EA-0E30E3E26AF9}.Ad-Hoc|iPhone.Deploy.0 = Release|Any CPU
		{E68F7C0E-AA82-435C-A8EA-0E30E3E26AF9}.Ad-Hoc|iPhoneSimulator.ActiveCfg = Release|Any CPU
		{E68F7C0E-AA82-435C-A8EA-0E30E3E26AF9}.Ad-Hoc|iPhoneSimulator.Build.0 = Release|Any CPU
		{E68F7C0E-AA82-435C-A8EA-0E30E3E26AF9}.Ad-Hoc|iPhoneSimulator.Deploy.0 = Release|Any CPU
		{E68F7C0E-AA82-435C-A8EA-0E30E3E26AF9}.Ad-Hoc|x86.ActiveCfg = Release|Any CPU
		{E68F7C0E-AA82-435C-A8EA-0E30E3E26AF9}.Ad-Hoc|x86.Build.0 = Release|Any CPU
		{E68F7C0E-AA82-435C-A8EA-0E30E3E26AF9}.Ad-Hoc|x86.Deploy.0 = Release|Any CPU
		{E68F7C0E-AA82-435C-A8EA-0E30E3E26AF9}.AppStore|Any CPU.ActiveCfg = Release|Any CPU
		{E68F7C0E-AA82-435C-A8EA-0E30E3E26AF9}.AppStore|Any CPU.Build.0 = Release|Any CPU
		{E68F7C0E-AA82-435C-A8EA-0E30E3E26AF9}.AppStore|Any CPU.Deploy.0 = Release|Any CPU
		{E68F7C0E-AA82-435C-A8EA-0E30E3E26AF9}.AppStore|ARM.ActiveCfg = Release|Any CPU
		{E68F7C0E-AA82-435C-A8EA-0E30E3E26AF9}.AppStore|ARM.Build.0 = Release|Any CPU
		{E68F7C0E-AA82-435C-A8EA-0E30E3E26AF9}.AppStore|ARM.Deploy.0 = Release|Any CPU
		{E68F7C0E-AA82-435C-A8EA-0E30E3E26AF9}.AppStore|iPhone.ActiveCfg = Release|Any CPU
		{E68F7C0E-AA82-435C-A8EA-0E30E3E26AF9}.AppStore|iPhone.Build.0 = Release|Any CPU
		{E68F7C0E-AA82-435C-A8EA-0E30E3E26AF9}.AppStore|iPhone.Deploy.0 = Release|Any CPU
		{E68F7C0E-AA82-435C-A8EA-0E30E3E26AF9}.AppStore|iPhoneSimulator.ActiveCfg = Release|Any CPU
		{E68F7C0E-AA82-435C-A8EA-0E30E3E26AF9}.AppStore|iPhoneSimulator.Build.0 = Release|Any CPU
		{E68F7C0E-AA82-435C-A8EA-0E30E3E26AF9}.AppStore|iPhoneSimulator.Deploy.0 = Release|Any CPU
		{E68F7C0E-AA82-435C-A8EA-0E30E3E26AF9}.AppStore|x86.ActiveCfg = Release|Any CPU
		{E68F7C0E-AA82-435C-A8EA-0E30E3E26AF9}.AppStore|x86.Build.0 = Release|Any CPU
		{E68F7C0E-AA82-435C-A8EA-0E30E3E26AF9}.AppStore|x86.Deploy.0 = Release|Any CPU
		{E68F7C0E-AA82-435C-A8EA-0E30E3E26AF9}.Debug|Any CPU.ActiveCfg = Debug|Any CPU
		{E68F7C0E-AA82-435C-A8EA-0E30E3E26AF9}.Debug|Any CPU.Build.0 = Debug|Any CPU
		{E68F7C0E-AA82-435C-A8EA-0E30E3E26AF9}.Debug|Any CPU.Deploy.0 = Debug|Any CPU
		{E68F7C0E-AA82-435C-A8EA-0E30E3E26AF9}.Debug|ARM.ActiveCfg = Debug|Any CPU
		{E68F7C0E-AA82-435C-A8EA-0E30E3E26AF9}.Debug|ARM.Build.0 = Debug|Any CPU
		{E68F7C0E-AA82-435C-A8EA-0E30E3E26AF9}.Debug|ARM.Deploy.0 = Debug|Any CPU
		{E68F7C0E-AA82-435C-A8EA-0E30E3E26AF9}.Debug|iPhone.ActiveCfg = Debug|Any CPU
		{E68F7C0E-AA82-435C-A8EA-0E30E3E26AF9}.Debug|iPhone.Build.0 = Debug|Any CPU
		{E68F7C0E-AA82-435C-A8EA-0E30E3E26AF9}.Debug|iPhone.Deploy.0 = Debug|Any CPU
		{E68F7C0E-AA82-435C-A8EA-0E30E3E26AF9}.Debug|iPhoneSimulator.ActiveCfg = Debug|Any CPU
		{E68F7C0E-AA82-435C-A8EA-0E30E3E26AF9}.Debug|iPhoneSimulator.Build.0 = Debug|Any CPU
		{E68F7C0E-AA82-435C-A8EA-0E30E3E26AF9}.Debug|iPhoneSimulator.Deploy.0 = Debug|Any CPU
		{E68F7C0E-AA82-435C-A8EA-0E30E3E26AF9}.Debug|x86.ActiveCfg = Debug|Any CPU
		{E68F7C0E-AA82-435C-A8EA-0E30E3E26AF9}.Debug|x86.Build.0 = Debug|Any CPU
		{E68F7C0E-AA82-435C-A8EA-0E30E3E26AF9}.Debug|x86.Deploy.0 = Debug|Any CPU
		{E68F7C0E-AA82-435C-A8EA-0E30E3E26AF9}.Release|Any CPU.ActiveCfg = Release|Any CPU
		{E68F7C0E-AA82-435C-A8EA-0E30E3E26AF9}.Release|Any CPU.Build.0 = Release|Any CPU
		{E68F7C0E-AA82-435C-A8EA-0E30E3E26AF9}.Release|Any CPU.Deploy.0 = Release|Any CPU
		{E68F7C0E-AA82-435C-A8EA-0E30E3E26AF9}.Release|ARM.ActiveCfg = Release|Any CPU
		{E68F7C0E-AA82-435C-A8EA-0E30E3E26AF9}.Release|ARM.Build.0 = Release|Any CPU
		{E68F7C0E-AA82-435C-A8EA-0E30E3E26AF9}.Release|ARM.Deploy.0 = Release|Any CPU
		{E68F7C0E-AA82-435C-A8EA-0E30E3E26AF9}.Release|iPhone.ActiveCfg = Release|Any CPU
		{E68F7C0E-AA82-435C-A8EA-0E30E3E26AF9}.Release|iPhone.Build.0 = Release|Any CPU
		{E68F7C0E-AA82-435C-A8EA-0E30E3E26AF9}.Release|iPhone.Deploy.0 = Release|Any CPU
		{E68F7C0E-AA82-435C-A8EA-0E30E3E26AF9}.Release|iPhoneSimulator.ActiveCfg = Release|Any CPU
		{E68F7C0E-AA82-435C-A8EA-0E30E3E26AF9}.Release|iPhoneSimulator.Build.0 = Release|Any CPU
		{E68F7C0E-AA82-435C-A8EA-0E30E3E26AF9}.Release|iPhoneSimulator.Deploy.0 = Release|Any CPU
		{E68F7C0E-AA82-435C-A8EA-0E30E3E26AF9}.Release|x86.ActiveCfg = Release|Any CPU
		{E68F7C0E-AA82-435C-A8EA-0E30E3E26AF9}.Release|x86.Build.0 = Release|Any CPU
		{E68F7C0E-AA82-435C-A8EA-0E30E3E26AF9}.Release|x86.Deploy.0 = Release|Any CPU
	EndGlobalSection
	GlobalSection(SolutionProperties) = preSolution
		HideSolutionNode = FALSE
	EndGlobalSection
EndGlobal
